
Microsoft Visual Studio Solution File, Format Version 12.00
# Visual Studio Express 15 for Windows Desktop
VisualStudioVersion = 15.0.27703.2018
MinimumVisualStudioVersion = 10.0.40219.1
Project("{FAE04EC0-301F-11D3-BF4B-00C04F79EFBC}") = "ShimZip", "ShimZip\ShimZip.csproj", "{463F00C3-0A95-4029-8106-620A0AC36688}"
EndProject
Global
	GlobalSection(SolutionConfigurationPlatforms) = preSolution
		Debug|Any CPU = Debug|Any CPU
		Release|Any CPU = Release|Any CPU
	EndGlobalSection
	GlobalSection(ProjectConfigurationPlatforms) = postSolution
		{463F00C3-0A95-4029-8106-620A0AC36688}.Debug|Any CPU.ActiveCfg = Debug|Any CPU
		{463F00C3-0A95-4029-8106-620A0AC36688}.Debug|Any CPU.Build.0 = Debug|Any CPU
		{463F00C3-0A95-4029-8106-620A0AC36688}.Release|Any CPU.ActiveCfg = Release|Any CPU
		{463F00C3-0A95-4029-8106-620A0AC36688}.Release|Any CPU.Build.0 = Release|Any CPU
	EndGlobalSection
	GlobalSection(SolutionProperties) = preSolution
		HideSolutionNode = FALSE
	EndGlobalSection
	GlobalSection(ExtensibilityGlobals) = postSolution
		SolutionGuid = {89611556-D7D3-4A6C-BF89-486B5A7467DD}
	EndGlobalSection
EndGlobal
